{
  "name": "polars-2-slidev",
  "lockfileVersion": 3,
  "requires": true,
  "packages": {
    "": {
      "devDependencies": {
        "playwright-chromium": "^1.45.1"
      }
    },
    "node_modules/playwright-chromium": {
      "version": "1.45.1",
      "resolved": "https://registry.npmjs.org/playwright-chromium/-/playwright-chromium-1.45.1.tgz",
      "integrity": "sha512-BlYo+kuMg4Jo40Nems2GGVMWdKI2GeHL85D7pkwEW3aq6iEDW3XL7udmoNLOIfluSCKzVRJMB0ta1mt67B3tGA==",
      "dev": true,
      "hasInstallScript": true,
      "dependencies": {
        "playwright-core": "1.45.1"
      },
      "bin": {
        "playwright": "cli.js"
      },
      "engines": {
        "node": ">=18"
      }
    },
    "node_modules/playwright-core": {
      "version": "1.45.1",
      "resolved": "https://registry.npmjs.org/playwright-core/-/playwright-core-1.45.1.tgz",
      "integrity": "sha512-LF4CUUtrUu2TCpDw4mcrAIuYrEjVDfT1cHbJMfwnE2+1b8PZcFzPNgvZCvq2JfQ4aTjRCCHw5EJ2tmr2NSzdPg==",
      "dev": true,
      "bin": {
        "playwright-core": "cli.js"
      },
      "engines": {
        "node": ">=18"
      }
    }
  }
}
